
Microsoft Visual Studio Solution File, Format Version 12.00
# Visual Studio 15
VisualStudioVersion = 15.0.28307.102
MinimumVisualStudioVersion = 10.0.40219.1
Project("{FAE04EC0-301F-11D3-BF4B-00C04F79EFBC}") = "lab8", "lab8.csproj", "{F30DE76D-A7A8-491C-9410-FB95881C85AD}"
EndProject
Global
	GlobalSection(SolutionConfigurationPlatforms) = preSolution
		Debug|Any CPU = Debug|Any CPU
		Release|Any CPU = Release|Any CPU
	EndGlobalSection
	GlobalSection(ProjectConfigurationPlatforms) = postSolution
		{F30DE76D-A7A8-491C-9410-FB95881C85AD}.Debug|Any CPU.ActiveCfg = Debug|Any CPU
		{F30DE76D-A7A8-491C-9410-FB95881C85AD}.Debug|Any CPU.Build.0 = Debug|Any CPU
		{F30DE76D-A7A8-491C-9410-FB95881C85AD}.Release|Any CPU.ActiveCfg = Release|Any CPU
		{F30DE76D-A7A8-491C-9410-FB95881C85AD}.Release|Any CPU.Build.0 = Release|Any CPU
	EndGlobalSection
	GlobalSection(SolutionProperties) = preSolution
		HideSolutionNode = FALSE
	EndGlobalSection
	GlobalSection(ExtensibilityGlobals) = postSolution
		SolutionGuid = {960652A4-20CD-49CE-B8C4-87BC0D1B9D7A}
	EndGlobalSection
EndGlobal
